// !$*UTF8*$!
{
	archiveVersion = 1;
	classes = {
	};
	objectVersion = 77;
	objects = {

/* Begin PBXBuildFile section */
		8461BA1A2F88DBB8004A62B6 /* MyFavouriteMoviesApp.swift in Sources */ = {isa = PBXBuildFile; fileRef = 8461BA192F88DBB8004A62B6 /* MyFavouriteMoviesApp.swift */; };
		8461BA1C2F88DBB8004A62B6 /* ContentView.swift in Sources */ = {isa = PBXBuildFile; fileRef = 8461BA1B2F88DBB8004A62B6 /* ContentView.swift */; };
		8461BA1E2F88DBB9004A62B6 /* Assets.xcassets in Resources */ = {isa = PBXBuildFile; fileRef = 8461BA1D2F88DBB9004A62B6 /* Assets.xcassets */; };
		848D8B742FA3C4EA00265322 /* ApiConstants.swift in Sources */ = {isa = PBXBuildFile; fileRef = 848D8B732FA3C4EA00265322 /* ApiConstants.swift */; };
		84D72C232F968DCA00CF5438 /* Data in Frameworks */ = {isa = PBXBuildFile; productRef = 84D72C222F968DCA00CF5438 /* Data */; };
		84D72C252F968DCA00CF5438 /* Domain in Frameworks */ = {isa = PBXBuildFile; productRef = 84D72C242F968DCA00CF5438 /* Domain */; };
/* End PBXBuildFile section */

/* Begin PBXContainerItemProxy section */
		8461BA242F88DBB9004A62B6 /* PBXContainerItemProxy */ = {
			isa = PBXContainerItemProxy;
			containerPortal = 8461BA0E2F88DBB8004A62B6 /* Project object */;
			proxyType = 1;
			remoteGlobalIDString = 8461BA152F88DBB8004A62B6;
			remoteInfo = MyFavouriteMovies;
		};
		8461BA2E2F88DBB9004A62B6 /* PBXContainerItemProxy */ = {
			isa = PBXContainerItemProxy;
			containerPortal = 8461BA0E2F88DBB8004A62B6 /* Project object */;
			proxyType = 1;
			remoteGlobalIDString = 8461BA152F88DBB8004A62B6;
			remoteInfo = MyFavouriteMovies;
		};
/* End PBXContainerItemProxy section */

/* Begin PBXFileReference section */
		8461BA162F88DBB8004A62B6 /* MyFavouriteMovies.app */ = {isa = PBXFileReference; explicitFileType = wrapper.application; includeInIndex = 0; path = MyFavouriteMovies.app; sourceTree = BUILT_PRODUCTS_DIR; };
		8461BA192F88DBB8004A62B6 /* MyFavouriteMoviesApp.swift */ = {isa = PBXFileReference; lastKnownFileType = sourcecode.swift; path = MyFavouriteMoviesApp.swift; sourceTree = "<group>"; };
		8461BA1B2F88DBB8004A62B6 /* ContentView.swift */ = {isa = PBXFileReference; lastKnownFileType = sourcecode.swift; path = ContentView.swift; sourceTree = "<group>"; };
		8461BA1D2F88DBB9004A62B6 /* Assets.xcassets */ = {isa = PBXFileReference; lastKnownFileType = folder.assetcatalog; path = Assets.xcassets; sourceTree = "<group>"; };
		8461BA232F88DBB9004A62B6 /* MyFavouriteMoviesTests.xctest */ = {isa = PBXFileReference; explicitFileType = wrapper.cfbundle; includeInIndex = 0; path = MyFavouriteMoviesTests.xctest; sourceTree = BUILT_PRODUCTS_DIR; };
		8461BA2D2F88DBB9004A62B6 /* MyFavouriteMoviesUITests.xctest */ = {isa = PBXFileReference; explicitFileType = wrapper.cfbundle; includeInIndex = 0; path = MyFavouriteMoviesUITests.xctest; sourceTree = BUILT_PRODUCTS_DIR; };
		8461BA4A2F895D34004A62B6 /* APIConfig.xcconfig */ = {isa = PBXFileReference; lastKnownFileType = text.xcconfig; path = APIConfig.xcconfig; sourceTree = "<group>"; };
		848D8B732FA3C4EA00265322 /* ApiConstants.swift */ = {isa = PBXFileReference; lastKnownFileType = sourcecode.swift; path = ApiConstants.swift; sourceTree = "<group>"; };
		848D8B752FA3F9A100265322 /* MyFavouriteMovies-Info.plist */ = {isa = PBXFileReference; lastKnownFileType = text.plist; path = "MyFavouriteMovies-Info.plist"; sourceTree = "<group>"; };
/* End PBXFileReference section */

/* Begin PBXFileSystemSynchronizedRootGroup section */
		84076CC62F91A007004AC19E /* Modules */ = {
			isa = PBXFileSystemSynchronizedRootGroup;
			path = Modules;
			sourceTree = "<group>";
		};
		8461BA262F88DBB9004A62B6 /* MyFavouriteMoviesTests */ = {
			isa = PBXFileSystemSynchronizedRootGroup;
			path = MyFavouriteMoviesTests;
			sourceTree = "<group>";
		};
		8461BA302F88DBB9004A62B6 /* MyFavouriteMoviesUITests */ = {
			isa = PBXFileSystemSynchronizedRootGroup;
			path = MyFavouriteMoviesUITests;
			sourceTree = "<group>";
		};
/* End PBXFileSystemSynchronizedRootGroup section */

/* Begin PBXFrameworksBuildPhase section */
		8461BA132F88DBB8004A62B6 /* Frameworks */ = {
			isa = PBXFrameworksBuildPhase;
			buildActionMask = 2147483647;
			files = (
				84D72C252F968DCA00CF5438 /* Domain in Frameworks */,
				84D72C232F968DCA00CF5438 /* Data in Frameworks */,
			);
			runOnlyForDeploymentPostprocessing = 0;
		};
		8461BA202F88DBB9004A62B6 /* Frameworks */ = {
			isa = PBXFrameworksBuildPhase;
			buildActionMask = 2147483647;
			files = (
			);
			runOnlyForDeploymentPostprocessing = 0;
		};
		8461BA2A2F88DBB9004A62B6 /* Frameworks */ = {
			isa = PBXFrameworksBuildPhase;
			buildActionMask = 2147483647;
			files = (
			);
			runOnlyForDeploymentPostprocessing = 0;
		};
/* End PBXFrameworksBuildPhase section */

/* Begin PBXGroup section */
		8461BA0D2F88DBB8004A62B6 = {
			isa = PBXGroup;
			children = (
				848D8B752FA3F9A100265322 /* MyFavouriteMovies-Info.plist */,
				84076CC62F91A007004AC19E /* Modules */,
				8461BA422F894E55004A62B6 /* App */,
				8461BA4B2F895DB4004A62B6 /* Configurations */,
				8461BA412F894DFD004A62B6 /* Presentation */,
				8461BA262F88DBB9004A62B6 /* MyFavouriteMoviesTests */,
				8461BA302F88DBB9004A62B6 /* MyFavouriteMoviesUITests */,
				84D72C212F968DCA00CF5438 /* Frameworks */,
				8461BA172F88DBB8004A62B6 /* Products */,
			);
			sourceTree = "<group>";
		};
		8461BA172F88DBB8004A62B6 /* Products */ = {
			isa = PBXGroup;
			children = (
				8461BA162F88DBB8004A62B6 /* MyFavouriteMovies.app */,
				8461BA232F88DBB9004A62B6 /* MyFavouriteMoviesTests.xctest */,
				8461BA2D2F88DBB9004A62B6 /* MyFavouriteMoviesUITests.xctest */,
			);
			name = Products;
			sourceTree = "<group>";
		};
		8461BA412F894DFD004A62B6 /* Presentation */ = {
			isa = PBXGroup;
			children = (
				8461BA1B2F88DBB8004A62B6 /* ContentView.swift */,
				8461BA1D2F88DBB9004A62B6 /* Assets.xcassets */,
			);
			path = Presentation;
			sourceTree = "<group>";
		};
		8461BA422F894E55004A62B6 /* App */ = {
			isa = PBXGroup;
			children = (
				848D8B732FA3C4EA00265322 /* ApiConstants.swift */,
				8461BA192F88DBB8004A62B6 /* MyFavouriteMoviesApp.swift */,
			);
			path = App;
			sourceTree = "<group>";
		};
		8461BA4B2F895DB4004A62B6 /* Configurations */ = {
			isa = PBXGroup;
			children = (
				8461BA4A2F895D34004A62B6 /* APIConfig.xcconfig */,
			);
			path = Configurations;
			sourceTree = "<group>";
		};
		84D72C212F968DCA00CF5438 /* Frameworks */ = {
			isa = PBXGroup;
			children = (
			);
			name = Frameworks;
			sourceTree = "<group>";
		};
/* End PBXGroup section */

/* Begin PBXNativeTarget section */
		8461BA152F88DBB8004A62B6 /* MyFavouriteMovies */ = {
			isa = PBXNativeTarget;
			buildConfigurationList = 8461BA372F88DBB9004A62B6 /* Build configuration list for PBXNativeTarget "MyFavouriteMovies" */;
			buildPhases = (
				8461BA122F88DBB8004A62B6 /* Sources */,
				8461BA132F88DBB8004A62B6 /* Frameworks */,
				8461BA142F88DBB8004A62B6 /* Resources */,
			);
			buildRules = (
			);
			dependencies = (
			);
			name = MyFavouriteMovies;
			packageProductDependencies = (
				84D72C222F968DCA00CF5438 /* Data */,
				84D72C242F968DCA00CF5438 /* Domain */,
			);
			productName = MyFavouriteMovies;
			productReference = 8461BA162F88DBB8004A62B6 /* MyFavouriteMovies.app */;
			productType = "com.apple.product-type.application";
		};
		8461BA222F88DBB9004A62B6 /* MyFavouriteMoviesTests */ = {
			isa = PBXNativeTarget;
			buildConfigurationList = 8461BA3A2F88DBB9004A62B6 /* Build configuration list for PBXNativeTarget "MyFavouriteMoviesTests" */;
			buildPhases = (
				8461BA1F2F88DBB9004A62B6 /* Sources */,
				8461BA202F88DBB9004A62B6 /* Frameworks */,
				8461BA212F88DBB9004A62B6 /* Resources */,
			);
			buildRules = (
			);
			dependencies = (
				8461BA252F88DBB9004A62B6 /* PBXTargetDependency */,
			);
			fileSystemSynchronizedGroups = (
				84076CC62F91A007004AC19E /* Modules */,
				8461BA262F88DBB9004A62B6 /* MyFavouriteMoviesTests */,
			);
			name = MyFavouriteMoviesTests;
			packageProductDependencies = (
			);
			productName = MyFavouriteMoviesTests;
			productReference = 8461BA232F88DBB9004A62B6 /* MyFavouriteMoviesTests.xctest */;
			productType = "com.apple.product-type.bundle.unit-test";
		};
		8461BA2C2F88DBB9004A62B6 /* MyFavouriteMoviesUITests */ = {
			isa = PBXNativeTarget;
			buildConfigurationList = 8461BA3D2F88DBB9004A62B6 /* Build configuration list for PBXNativeTarget "MyFavouriteMoviesUITests" */;
			buildPhases = (
				8461BA292F88DBB9004A62B6 /* Sources */,
				8461BA2A2F88DBB9004A62B6 /* Frameworks */,
				8461BA2B2F88DBB9004A62B6 /* Resources */,
			);
			buildRules = (
			);
			dependencies = (
				8461BA2F2F88DBB9004A62B6 /* PBXTargetDependency */,
			);
			fileSystemSynchronizedGroups = (
				8461BA302F88DBB9004A62B6 /* MyFavouriteMoviesUITests */,
			);
			name = MyFavouriteMoviesUITests;
			packageProductDependencies = (
			);
			productName = MyFavouriteMoviesUITests;
			productReference = 8461BA2D2F88DBB9004A62B6 /* MyFavouriteMoviesUITests.xctest */;
			productType = "com.apple.product-type.bundle.ui-testing";
		};
/* End PBXNativeTarget section */

/* Begin PBXProject section */
		8461BA0E2F88DBB8004A62B6 /* Project object */ = {
			isa = PBXProject;
			attributes = {
				BuildIndependentTargetsInParallel = 1;
				LastSwiftUpdateCheck = 2640;
				LastUpgradeCheck = 2640;
				TargetAttributes = {
					8461BA152F88DBB8004A62B6 = {
						CreatedOnToolsVersion = 26.4;
					};
					8461BA222F88DBB9004A62B6 = {
						CreatedOnToolsVersion = 26.4;
						TestTargetID = 8461BA152F88DBB8004A62B6;
					};
					8461BA2C2F88DBB9004A62B6 = {
						CreatedOnToolsVersion = 26.4;
						TestTargetID = 8461BA152F88DBB8004A62B6;
					};
				};
			};
			buildConfigurationList = 8461BA112F88DBB8004A62B6 /* Build configuration list for PBXProject "MyFavouriteMovies" */;
			developmentRegion = en;
			hasScannedForEncodings = 0;
			knownRegions = (
				en,
				Base,
			);
			mainGroup = 8461BA0D2F88DBB8004A62B6;
			minimizedProjectReferenceProxies = 1;
			preferredProjectObjectVersion = 77;
			productRefGroup = 8461BA172F88DBB8004A62B6 /* Products */;
			projectDirPath = "";
			projectRoot = "";
			targets = (
				8461BA152F88DBB8004A62B6 /* MyFavouriteMovies */,
				8461BA222F88DBB9004A62B6 /* MyFavouriteMoviesTests */,
				8461BA2C2F88DBB9004A62B6 /* MyFavouriteMoviesUITests */,
			);
		};
/* End PBXProject section */

/* Begin PBXResourcesBuildPhase section */
		8461BA142F88DBB8004A62B6 /* Resources */ = {
			isa = PBXResourcesBuildPhase;
			buildActionMask = 2147483647;
			files = (
				8461BA1E2F88DBB9004A62B6 /* Assets.xcassets in Resources */,
			);
			runOnlyForDeploymentPostprocessing = 0;
		};
		8461BA212F88DBB9004A62B6 /* Resources */ = {
			isa = PBXResourcesBuildPhase;
			buildActionMask = 2147483647;
			files = (
			);
			runOnlyForDeploymentPostprocessing = 0;
		};
		8461BA2B2F88DBB9004A62B6 /* Resources */ = {
			isa = PBXResourcesBuildPhase;
			buildActionMask = 2147483647;
			files = (
			);
			runOnlyForDeploymentPostprocessing = 0;
		};
/* End PBXResourcesBuildPhase section */

/* Begin PBXSourcesBuildPhase section */
		8461BA122F88DBB8004A62B6 /* Sources */ = {
			isa = PBXSourcesBuildPhase;
			buildActionMask = 2147483647;
			files = (
				8461BA1C2F88DBB8004A62B6 /* ContentView.swift in Sources */,
				848D8B742FA3C4EA00265322 /* ApiConstants.swift in Sources */,
				8461BA1A2F88DBB8004A62B6 /* MyFavouriteMoviesApp.swift in Sources */,
			);
			runOnlyForDeploymentPostprocessing = 0;
		};
		8461BA1F2F88DBB9004A62B6 /* Sources */ = {
			isa = PBXSourcesBuildPhase;
			buildActionMask = 2147483647;
			files = (
			);
			runOnlyForDeploymentPostprocessing = 0;
		};
		8461BA292F88DBB9004A62B6 /* Sources */ = {
			isa = PBXSourcesBuildPhase;
			buildActionMask = 2147483647;
			files = (
			);
			runOnlyForDeploymentPostprocessing = 0;
		};
/* End PBXSourcesBuildPhase section */

/* Begin PBXTargetDependency section */
		8461BA252F88DBB9004A62B6 /* PBXTargetDependency */ = {
			isa = PBXTargetDependency;
			target = 8461BA152F88DBB8004A62B6 /* MyFavouriteMovies */;
			targetProxy = 8461BA242F88DBB9004A62B6 /* PBXContainerItemProxy */;
		};
		8461BA2F2F88DBB9004A62B6 /* PBXTargetDependency */ = {
			isa = PBXTargetDependency;
			target = 8461BA152F88DBB8004A62B6 /* MyFavouriteMovies */;
			targetProxy = 8461BA2E2F88DBB9004A62B6 /* PBXContainerItemProxy */;
		};
/* End PBXTargetDependency section */

/* Begin XCBuildConfiguration section */
		8461BA352F88DBB9004A62B6 /* Debug */ = {
			isa = XCBuildConfiguration;
			baseConfigurationReference = 8461BA4A2F895D34004A62B6 /* APIConfig.xcconfig */;
			buildSettings = {
				ALWAYS_SEARCH_USER_PATHS = NO;
				ASSETCATALOG_COMPILER_GENERATE_SWIFT_ASSET_SYMBOL_EXTENSIONS = YES;
				CLANG_ANALYZER_NONNULL = YES;
				CLANG_ANALYZER_NUMBER_OBJECT_CONVERSION = YES_AGGRESSIVE;
				CLANG_CXX_LANGUAGE_STANDARD = "gnu++20";
				CLANG_ENABLE_MODULES = YES;
				CLANG_ENABLE_OBJC_ARC = YES;
				CLANG_ENABLE_OBJC_WEAK = YES;
				CLANG_WARN_BLOCK_CAPTURE_AUTORELEASING = YES;
				CLANG_WARN_BOOL_CONVERSION = YES;
				CLANG_WARN_COMMA = YES;
				CLANG_WARN_CONSTANT_CONVERSION = YES;
				CLANG_WARN_DEPRECATED_OBJC_IMPLEMENTATIONS = YES;
				CLANG_WARN_DIRECT_OBJC_ISA_USAGE = YES_ERROR;
				CLANG_WARN_DOCUMENTATION_COMMENTS = YES;
				CLANG_WARN_EMPTY_BODY = YES;
				CLANG_WARN_ENUM_CONVERSION = YES;
				CLANG_WARN_INFINITE_RECURSION = YES;
				CLANG_WARN_INT_CONVERSION = YES;
				CLANG_WARN_NON_LITERAL_NULL_CONVERSION = YES;
				CLANG_WARN_OBJC_IMPLICIT_RETAIN_SELF = YES;
				CLANG_WARN_OBJC_LITERAL_CONVERSION = YES;
				CLANG_WARN_OBJC_ROOT_CLASS = YES_ERROR;
				CLANG_WARN_QUOTED_INCLUDE_IN_FRAMEWORK_HEADER = YES;
				CLANG_WARN_RANGE_LOOP_ANALYSIS = YES;
				CLANG_WARN_STRICT_PROTOTYPES = YES;
				CLANG_WARN_SUSPICIOUS_MOVE = YES;
				CLANG_WARN_UNGUARDED_AVAILABILITY = YES_AGGRESSIVE;
				CLANG_WARN_UNREACHABLE_CODE = YES;
				CLANG_WARN__DUPLICATE_METHOD_MATCH = YES;
				COPY_PHASE_STRIP = NO;
				DEBUG_INFORMATION_FORMAT = dwarf;
				ENABLE_STRICT_OBJC_MSGSEND = YES;
				ENABLE_TESTABILITY = YES;
				ENABLE_USER_SCRIPT_SANDBOXING = YES;
				GCC_C_LANGUAGE_STANDARD = gnu17;
				GCC_DYNAMIC_NO_PIC = NO;
				GCC_NO_COMMON_BLOCKS = YES;
				GCC_OPTIMIZATION_LEVEL = 0;
				GCC_PREPROCESSOR_DEFINITIONS = (
					"DEBUG=1",
					"$(inherited)",
				);
				GCC_WARN_64_TO_32_BIT_CONVERSION = YES;
				GCC_WARN_ABOUT_RETURN_TYPE = YES_ERROR;
				GCC_WARN_UNDECLARED_SELECTOR = YES;
				GCC_WARN_UNINITIALIZED_AUTOS = YES_AGGRESSIVE;
				GCC_WARN_UNUSED_FUNCTION = YES;
				GCC_WARN_UNUSED_VARIABLE = YES;
				IPHONEOS_DEPLOYMENT_TARGET = 26.4;
				LOCALIZATION_PREFERS_STRING_CATALOGS = YES;
				MTL_ENABLE_DEBUG_INFO = INCLUDE_SOURCE;
				MTL_FAST_MATH = YES;
				ONLY_ACTIVE_ARCH = YES;
				SDKROOT = iphoneos;
				SWIFT_ACTIVE_COMPILATION_CONDITIONS = "DEBUG $(inherited)";
				SWIFT_OPTIMIZATION_LEVEL = "-Onone";
			};
			name = Debug;
		};
		8461BA362F88DBB9004A62B6 /* Release */ = {
			isa = XCBuildConfiguration;
			baseConfigurationReference = 8461BA4A2F895D34004A62B6 /* APIConfig.xcconfig */;
			buildSettings = {
				ALWAYS_SEARCH_USER_PATHS = NO;
				ASSETCATALOG_COMPILER_GENERATE_SWIFT_ASSET_SYMBOL_EXTENSIONS = YES;
				CLANG_ANALYZER_NONNULL = YES;
				CLANG_ANALYZER_NUMBER_OBJECT_CONVERSION = YES_AGGRESSIVE;
				CLANG_CXX_LANGUAGE_STANDARD = "gnu++20";
				CLANG_ENABLE_MODULES = YES;
				CLANG_ENABLE_OBJC_ARC = YES;
				CLANG_ENABLE_OBJC_WEAK = YES;
				CLANG_WARN_BLOCK_CAPTURE_AUTORELEASING = YES;
				CLANG_WARN_BOOL_CONVERSION = YES;
				CLANG_WARN_COMMA = YES;
				CLANG_WARN_CONSTANT_CONVERSION = YES;
				CLANG_WARN_DEPRECATED_OBJC_IMPLEMENTATIONS = YES;
				CLANG_WARN_DIRECT_OBJC_ISA_USAGE = YES_ERROR;
				CLANG_WARN_DOCUMENTATION_COMMENTS = YES;
				CLANG_WARN_EMPTY_BODY = YES;
				CLANG_WARN_ENUM_CONVERSION = YES;
				CLANG_WARN_INFINITE_RECURSION = YES;
				CLANG_WARN_INT_CONVERSION = YES;
				CLANG_WARN_NON_LITERAL_NULL_CONVERSION = YES;
				CLANG_WARN_OBJC_IMPLICIT_RETAIN_SELF = YES;
				CLANG_WARN_OBJC_LITERAL_CONVERSION = YES;
				CLANG_WARN_OBJC_ROOT_CLASS = YES_ERROR;
				CLANG_WARN_QUOTED_INCLUDE_IN_FRAMEWORK_HEADER = YES;
				CLANG_WARN_RANGE_LOOP_ANALYSIS = YES;
				CLANG_WARN_STRICT_PROTOTYPES = YES;
				CLANG_WARN_SUSPICIOUS_MOVE = YES;
				CLANG_WARN_UNGUARDED_AVAILABILITY = YES_AGGRESSIVE;
				CLANG_WARN_UNREACHABLE_CODE = YES;
				CLANG_WARN__DUPLICATE_METHOD_MATCH = YES;
				COPY_PHASE_STRIP = NO;
				DEBUG_INFORMATION_FORMAT = "dwarf-with-dsym";
				ENABLE_NS_ASSERTIONS = NO;
				ENABLE_STRICT_OBJC_MSGSEND = YES;
				ENABLE_USER_SCRIPT_SANDBOXING = YES;
				GCC_C_LANGUAGE_STANDARD = gnu17;
				GCC_NO_COMMON_BLOCKS = YES;
				GCC_WARN_64_TO_32_BIT_CONVERSION = YES;
				GCC_WARN_ABOUT_RETURN_TYPE = YES_ERROR;
				GCC_WARN_UNDECLARED_SELECTOR = YES;
				GCC_WARN_UNINITIALIZED_AUTOS = YES_AGGRESSIVE;
				GCC_WARN_UNUSED_FUNCTION = YES;
				GCC_WARN_UNUSED_VARIABLE = YES;
				IPHONEOS_DEPLOYMENT_TARGET = 26.4;
				LOCALIZATION_PREFERS_STRING_CATALOGS = YES;
				MTL_ENABLE_DEBUG_INFO = NO;
				MTL_FAST_MATH = YES;
				SDKROOT = iphoneos;
				SWIFT_COMPILATION_MODE = wholemodule;
				VALIDATE_PRODUCT = YES;
			};
			name = Release;
		};
		8461BA382F88DBB9004A62B6 /* Debug */ = {
			isa = XCBuildConfiguration;
			buildSettings = {
				ASSETCATALOG_COMPILER_APPICON_NAME = AppIcon;
				ASSETCATALOG_COMPILER_GLOBAL_ACCENT_COLOR_NAME = AccentColor;
				CODE_SIGN_STYLE = Automatic;
				CURRENT_PROJECT_VERSION = 1;
				ENABLE_PREVIEWS = YES;
				GENERATE_INFOPLIST_FILE = YES;
				INFOPLIST_FILE = "MyFavouriteMovies-Info.plist";
				INFOPLIST_KEY_UIApplicationSceneManifest_Generation = YES;
				INFOPLIST_KEY_UIApplicationSupportsIndirectInputEvents = YES;
				INFOPLIST_KEY_UILaunchScreen_Generation = YES;
				INFOPLIST_KEY_UISupportedInterfaceOrientations_iPad = "UIInterfaceOrientationPortrait UIInterfaceOrientationPortraitUpsideDown UIInterfaceOrientationLandscapeLeft UIInterfaceOrientationLandscapeRight";
				INFOPLIST_KEY_UISupportedInterfaceOrientations_iPhone = "UIInterfaceOrientationPortrait UIInterfaceOrientationLandscapeLeft UIInterfaceOrientationLandscapeRight";
				LD_RUNPATH_SEARCH_PATHS = (
					"$(inherited)",
					"@executable_path/Frameworks",
				);
				MARKETING_VERSION = 1.0;
				PRODUCT_BUNDLE_IDENTIFIER = com.oganbelema.MyFavouriteMovies;
				PRODUCT_NAME = "$(TARGET_NAME)";
				STRING_CATALOG_GENERATE_SYMBOLS = YES;
				SWIFT_APPROACHABLE_CONCURRENCY = YES;
				SWIFT_DEFAULT_ACTOR_ISOLATION = MainActor;
				SWIFT_EMIT_LOC_STRINGS = YES;
				SWIFT_UPCOMING_FEATURE_MEMBER_IMPORT_VISIBILITY = YES;
				SWIFT_VERSION = 5.0;
				TARGETED_DEVICE_FAMILY = "1,2";
			};
			name = Debug;
		};
		8461BA392F88DBB9004A62B6 /* Release */ = {
			isa = XCBuildConfiguration;
			buildSettings = {
				ASSETCATALOG_COMPILER_APPICON_NAME = AppIcon;
				ASSETCATALOG_COMPILER_GLOBAL_ACCENT_COLOR_NAME = AccentColor;
				CODE_SIGN_STYLE = Automatic;
				CURRENT_PROJECT_VERSION = 1;
				ENABLE_PREVIEWS = YES;
				GENERATE_INFOPLIST_FILE = YES;
				INFOPLIST_FILE = "MyFavouriteMovies-Info.plist";
				INFOPLIST_KEY_UIApplicationSceneManifest_Generation = YES;
				INFOPLIST_KEY_UIApplicationSupportsIndirectInputEvents = YES;
				INFOPLIST_KEY_UILaunchScreen_Generation = YES;
				INFOPLIST_KEY_UISupportedInterfaceOrientations_iPad = "UIInterfaceOrientationPortrait UIInterfaceOrientationPortraitUpsideDown UIInterfaceOrientationLandscapeLeft UIInterfaceOrientationLandscapeRight";
				INFOPLIST_KEY_UISupportedInterfaceOrientations_iPhone = "UIInterfaceOrientationPortrait UIInterfaceOrientationLandscapeLeft UIInterfaceOrientationLandscapeRight";
				LD_RUNPATH_SEARCH_PATHS = (
					"$(inherited)",
					"@executable_path/Frameworks",
				);
				MARKETING_VERSION = 1.0;
				PRODUCT_BUNDLE_IDENTIFIER = com.oganbelema.MyFavouriteMovies;
				PRODUCT_NAME = "$(TARGET_NAME)";
				STRING_CATALOG_GENERATE_SYMBOLS = YES;
				SWIFT_APPROACHABLE_CONCURRENCY = YES;
				SWIFT_DEFAULT_ACTOR_ISOLATION = MainActor;
				SWIFT_EMIT_LOC_STRINGS = YES;
				SWIFT_UPCOMING_FEATURE_MEMBER_IMPORT_VISIBILITY = YES;
				SWIFT_VERSION = 5.0;
				TARGETED_DEVICE_FAMILY = "1,2";
			};
			name = Release;
		};
		8461BA3B2F88DBB9004A62B6 /* Debug */ = {
			isa = XCBuildConfiguration;
			buildSettings = {
				BUNDLE_LOADER = "$(TEST_HOST)";
				CODE_SIGN_STYLE = Automatic;
				CURRENT_PROJECT_VERSION = 1;
				GENERATE_INFOPLIST_FILE = YES;
				IPHONEOS_DEPLOYMENT_TARGET = 26.4;
				MARKETING_VERSION = 1.0;
				PRODUCT_BUNDLE_IDENTIFIER = com.oganbelema.MyFavouriteMoviesTests;
				PRODUCT_NAME = "$(TARGET_NAME)";
				STRING_CATALOG_GENERATE_SYMBOLS = NO;
				SWIFT_APPROACHABLE_CONCURRENCY = YES;
				SWIFT_EMIT_LOC_STRINGS = NO;
				SWIFT_UPCOMING_FEATURE_MEMBER_IMPORT_VISIBILITY = YES;
				SWIFT_VERSION = 5.0;
				TARGETED_DEVICE_FAMILY = "1,2";
				TEST_HOST = "$(BUILT_PRODUCTS_DIR)/MyFavouriteMovies.app/$(BUNDLE_EXECUTABLE_FOLDER_PATH)/MyFavouriteMovies";
			};
			name = Debug;
		};
		8461BA3C2F88DBB9004A62B6 /* Release */ = {
			isa = XCBuildConfiguration;
			buildSettings = {
				BUNDLE_LOADER = "$(TEST_HOST)";
				CODE_SIGN_STYLE = Automatic;
				CURRENT_PROJECT_VERSION = 1;
				GENERATE_INFOPLIST_FILE = YES;
				IPHONEOS_DEPLOYMENT_TARGET = 26.4;
				MARKETING_VERSION = 1.0;
				PRODUCT_BUNDLE_IDENTIFIER = com.oganbelema.MyFavouriteMoviesTests;
				PRODUCT_NAME = "$(TARGET_NAME)";
				STRING_CATALOG_GENERATE_SYMBOLS = NO;
				SWIFT_APPROACHABLE_CONCURRENCY = YES;
				SWIFT_EMIT_LOC_STRINGS = NO;
				SWIFT_UPCOMING_FEATURE_MEMBER_IMPORT_VISIBILITY = YES;
				SWIFT_VERSION = 5.0;
				TARGETED_DEVICE_FAMILY = "1,2";
				TEST_HOST = "$(BUILT_PRODUCTS_DIR)/MyFavouriteMovies.app/$(BUNDLE_EXECUTABLE_FOLDER_PATH)/MyFavouriteMovies";
			};
			name = Release;
		};
		8461BA3E2F88DBB9004A62B6 /* Debug */ = {
			isa = XCBuildConfiguration;
			buildSettings = {
				CODE_SIGN_STYLE = Automatic;
				CURRENT_PROJECT_VERSION = 1;
				GENERATE_INFOPLIST_FILE = YES;
				MARKETING_VERSION = 1.0;
				PRODUCT_BUNDLE_IDENTIFIER = com.oganbelema.MyFavouriteMoviesUITests;
				PRODUCT_NAME = "$(TARGET_NAME)";
				STRING_CATALOG_GENERATE_SYMBOLS = NO;
				SWIFT_APPROACHABLE_CONCURRENCY = YES;
				SWIFT_EMIT_LOC_STRINGS = NO;
				SWIFT_UPCOMING_FEATURE_MEMBER_IMPORT_VISIBILITY = YES;
				SWIFT_VERSION = 5.0;
				TARGETED_DEVICE_FAMILY = "1,2";
				TEST_TARGET_NAME = MyFavouriteMovies;
			};
			name = Debug;
		};
		8461BA3F2F88DBB9004A62B6 /* Release */ = {
			isa = XCBuildConfiguration;
			buildSettings = {
				CODE_SIGN_STYLE = Automatic;
				CURRENT_PROJECT_VERSION = 1;
				GENERATE_INFOPLIST_FILE = YES;
				MARKETING_VERSION = 1.0;
				PRODUCT_BUNDLE_IDENTIFIER = com.oganbelema.MyFavouriteMoviesUITests;
				PRODUCT_NAME = "$(TARGET_NAME)";
				STRING_CATALOG_GENERATE_SYMBOLS = NO;
				SWIFT_APPROACHABLE_CONCURRENCY = YES;
				SWIFT_EMIT_LOC_STRINGS = NO;
				SWIFT_UPCOMING_FEATURE_MEMBER_IMPORT_VISIBILITY = YES;
				SWIFT_VERSION = 5.0;
				TARGETED_DEVICE_FAMILY = "1,2";
				TEST_TARGET_NAME = MyFavouriteMovies;
			};
			name = Release;
		};
/* End XCBuildConfiguration section */

/* Begin XCConfigurationList section */
		8461BA112F88DBB8004A62B6 /* Build configuration list for PBXProject "MyFavouriteMovies" */ = {
			isa = XCConfigurationList;
			buildConfigurations = (
				8461BA352F88DBB9004A62B6 /* Debug */,
				8461BA362F88DBB9004A62B6 /* Release */,
			);
			defaultConfigurationIsVisible = 0;
			defaultConfigurationName = Release;
		};
		8461BA372F88DBB9004A62B6 /* Build configuration list for PBXNativeTarget "MyFavouriteMovies" */ = {
			isa = XCConfigurationList;
			buildConfigurations = (
				8461BA382F88DBB9004A62B6 /* Debug */,
				8461BA392F88DBB9004A62B6 /* Release */,
			);
			defaultConfigurationIsVisible = 0;
			defaultConfigurationName = Release;
		};
		8461BA3A2F88DBB9004A62B6 /* Build configuration list for PBXNativeTarget "MyFavouriteMoviesTests" */ = {
			isa = XCConfigurationList;
			buildConfigurations = (
				8461BA3B2F88DBB9004A62B6 /* Debug */,
				8461BA3C2F88DBB9004A62B6 /* Release */,
			);
			defaultConfigurationIsVisible = 0;
			defaultConfigurationName = Release;
		};
		8461BA3D2F88DBB9004A62B6 /* Build configuration list for PBXNativeTarget "MyFavouriteMoviesUITests" */ = {
			isa = XCConfigurationList;
			buildConfigurations = (
				8461BA3E2F88DBB9004A62B6 /* Debug */,
				8461BA3F2F88DBB9004A62B6 /* Release */,
			);
			defaultConfigurationIsVisible = 0;
			defaultConfigurationName = Release;
		};
/* End XCConfigurationList section */

/* Begin XCSwiftPackageProductDependency section */
		84D72C222F968DCA00CF5438 /* Data */ = {
			isa = XCSwiftPackageProductDependency;
			productName = Data;
		};
		84D72C242F968DCA00CF5438 /* Domain */ = {
			isa = XCSwiftPackageProductDependency;
			productName = Domain;
		};
/* End XCSwiftPackageProductDependency section */
	};
	rootObject = 8461BA0E2F88DBB8004A62B6 /* Project object */;
}
